
Microsoft Visual Studio Solution File, Format Version 12.00
# Visual Studio Version 16
VisualStudioVersion = 16.0.31105.61
MinimumVisualStudioVersion = 10.0.40219.1
Project("{FAE04EC0-301F-11D3-BF4B-00C04F79EFBC}") = "ConsoleApp8", "ConsoleApp8\ConsoleApp8.csproj", "{5D403420-323B-407F-AFDA-12F0BA18518D}"
EndProject
Project("{FAE04EC0-301F-11D3-BF4B-00C04F79EFBC}") = "ConsoleApp1", "ConsoleApp1\ConsoleApp1.csproj", "{7B7C23E5-9C26-46D8-85FF-E3EBD45E247A}"
EndProject
Global
	GlobalSection(SolutionConfigurationPlatforms) = preSolution
		Debug|Any CPU = Debug|Any CPU
		Release|Any CPU = Release|Any CPU
	EndGlobalSection
	GlobalSection(ProjectConfigurationPlatforms) = postSolution
		{5D403420-323B-407F-AFDA-12F0BA18518D}.Debug|Any CPU.ActiveCfg = Debug|Any CPU
		{5D403420-323B-407F-AFDA-12F0BA18518D}.Debug|Any CPU.Build.0 = Debug|Any CPU
		{5D403420-323B-407F-AFDA-12F0BA18518D}.Release|Any CPU.ActiveCfg = Release|Any CPU
		{5D403420-323B-407F-AFDA-12F0BA18518D}.Release|Any CPU.Build.0 = Release|Any CPU
		{7B7C23E5-9C26-46D8-85FF-E3EBD45E247A}.Debug|Any CPU.ActiveCfg = Debug|Any CPU
		{7B7C23E5-9C26-46D8-85FF-E3EBD45E247A}.Debug|Any CPU.Build.0 = Debug|Any CPU
		{7B7C23E5-9C26-46D8-85FF-E3EBD45E247A}.Release|Any CPU.ActiveCfg = Release|Any CPU
		{7B7C23E5-9C26-46D8-85FF-E3EBD45E247A}.Release|Any CPU.Build.0 = Release|Any CPU
	EndGlobalSection
	GlobalSection(SolutionProperties) = preSolution
		HideSolutionNode = FALSE
	EndGlobalSection
	GlobalSection(ExtensibilityGlobals) = postSolution
		SolutionGuid = {4EC3FFC9-5744-4780-B171-4514D36C1B65}
	EndGlobalSection
EndGlobal
